
Microsoft Visual Studio Solution File, Format Version 12.00
# Visual Studio Version 16
VisualStudioVersion = 16.0.31105.61
MinimumVisualStudioVersion = 10.0.40219.1
Project("{FAE04EC0-301F-11D3-BF4B-00C04F79EFBC}") = "20_validParentheses", "20_validParentheses\20_validParentheses.csproj", "{3A0C93D0-E83A-436F-85EE-536995C8443B}"
EndProject
Global
	GlobalSection(SolutionConfigurationPlatforms) = preSolution
		Debug|Any CPU = Debug|Any CPU
		Release|Any CPU = Release|Any CPU
	EndGlobalSection
	GlobalSection(ProjectConfigurationPlatforms) = postSolution
		{3A0C93D0-E83A-436F-85EE-536995C8443B}.Debug|Any CPU.ActiveCfg = Debug|Any CPU
		{3A0C93D0-E83A-436F-85EE-536995C8443B}.Debug|Any CPU.Build.0 = Debug|Any CPU
		{3A0C93D0-E83A-436F-85EE-536995C8443B}.Release|Any CPU.ActiveCfg = Release|Any CPU
		{3A0C93D0-E83A-436F-85EE-536995C8443B}.Release|Any CPU.Build.0 = Release|Any CPU
	EndGlobalSection
	GlobalSection(SolutionProperties) = preSolution
		HideSolutionNode = FALSE
	EndGlobalSection
	GlobalSection(ExtensibilityGlobals) = postSolution
		SolutionGuid = {5C58C4F2-1DBE-48C2-A37E-D315E6226E4D}
	EndGlobalSection
EndGlobal
